// !$*UTF8*$!
{
	archiveVersion = 1;
	classes = {
	};
	objectVersion = 50;
	objects = {

/* Begin PBXBuildFile section */
		96990BD720B23E120019B90F /* SimpleSlave.swift in Sources */ = {isa = PBXBuildFile; fileRef = 96990BD620B23E120019B90F /* SimpleSlave.swift */; };
		96CEFAA820B23A3300215259 /* AppDelegate.swift in Sources */ = {isa = PBXBuildFile; fileRef = 96CEFAA720B23A3300215259 /* AppDelegate.swift */; };
		96CEFAAA20B23A3300215259 /* ViewController.swift in Sources */ = {isa = PBXBuildFile; fileRef = 96CEFAA920B23A3300215259 /* ViewController.swift */; };
		96CEFAAD20B23A3300215259 /* Main.storyboard in Resources */ = {isa = PBXBuildFile; fileRef = 96CEFAAB20B23A3300215259 /* Main.storyboard */; };
		96CEFAAF20B23A3E00215259 /* Assets.xcassets in Resources */ = {isa = PBXBuildFile; fileRef = 96CEFAAE20B23A3E00215259 /* Assets.xcassets */; };
		96CEFAB220B23A3E00215259 /* LaunchScreen.storyboard in Resources */ = {isa = PBXBuildFile; fileRef = 96CEFAB020B23A3E00215259 /* LaunchScreen.storyboard */; };
/* End PBXBuildFile section */

/* Begin PBXFileReference section */
		96990BD620B23E120019B90F /* SimpleSlave.swift */ = {isa = PBXFileReference; lastKnownFileType = sourcecode.swift; name = SimpleSlave.swift; path = Thread_It/Core/SimpleSlave.swift; sourceTree = SOURCE_ROOT; };
		96CEFAA420B23A3300215259 /* Thread_It.app */ = {isa = PBXFileReference; explicitFileType = wrapper.application; includeInIndex = 0; path = Thread_It.app; sourceTree = BUILT_PRODUCTS_DIR; };
		96CEFAA720B23A3300215259 /* AppDelegate.swift */ = {isa = PBXFileReference; lastKnownFileType = sourcecode.swift; name = AppDelegate.swift; path = ../Core/AppDelegate.swift; sourceTree = "<group>"; };
		96CEFAA920B23A3300215259 /* ViewController.swift */ = {isa = PBXFileReference; lastKnownFileType = sourcecode.swift; name = ViewController.swift; path = ../Core/ViewController.swift; sourceTree = "<group>"; };
		96CEFAAC20B23A3300215259 /* Base */ = {isa = PBXFileReference; lastKnownFileType = file.storyboard; name = Base; path = Base.lproj/Main.storyboard; sourceTree = "<group>"; };
		96CEFAAE20B23A3E00215259 /* Assets.xcassets */ = {isa = PBXFileReference; lastKnownFileType = folder.assetcatalog; path = Assets.xcassets; sourceTree = "<group>"; };
		96CEFAB120B23A3E00215259 /* Base */ = {isa = PBXFileReference; lastKnownFileType = file.storyboard; name = Base; path = Base.lproj/LaunchScreen.storyboard; sourceTree = "<group>"; };
		96CEFAB320B23A3E00215259 /* Info.plist */ = {isa = PBXFileReference; lastKnownFileType = text.plist.xml; path = Info.plist; sourceTree = "<group>"; };
/* End PBXFileReference section */

/* Begin PBXFrameworksBuildPhase section */
		96CEFAA120B23A3300215259 /* Frameworks */ = {
			isa = PBXFrameworksBuildPhase;
			buildActionMask = 2147483647;
			files = (
			);
			runOnlyForDeploymentPostprocessing = 0;
		};
/* End PBXFrameworksBuildPhase section */

/* Begin PBXGroup section */
		96990BD320B23C8A0019B90F /* Core */ = {
			isa = PBXGroup;
			children = (
				96CEFAA920B23A3300215259 /* ViewController.swift */,
				96990BD620B23E120019B90F /* SimpleSlave.swift */,
				96CEFAA720B23A3300215259 /* AppDelegate.swift */,
			);
			name = Core;
			path = "New Group";
			sourceTree = "<group>";
		};
		96CEFA9B20B23A3300215259 = {
			isa = PBXGroup;
			children = (
				96CEFAA620B23A3300215259 /* Thread_It */,
				96CEFAA520B23A3300215259 /* Products */,
			);
			sourceTree = "<group>";
		};
		96CEFAA520B23A3300215259 /* Products */ = {
			isa = PBXGroup;
			children = (
				96CEFAA420B23A3300215259 /* Thread_It.app */,
			);
			name = Products;
			sourceTree = "<group>";
		};
		96CEFAA620B23A3300215259 /* Thread_It */ = {
			isa = PBXGroup;
			children = (
				96990BD320B23C8A0019B90F /* Core */,
				96CEFABD20B23BFD00215259 /* Others */,
			);
			path = Thread_It;
			sourceTree = "<group>";
		};
		96CEFABD20B23BFD00215259 /* Others */ = {
			isa = PBXGroup;
			children = (
				96CEFAAB20B23A3300215259 /* Main.storyboard */,
				96CEFAAE20B23A3E00215259 /* Assets.xcassets */,
				96CEFAB020B23A3E00215259 /* LaunchScreen.storyboard */,
				96CEFAB320B23A3E00215259 /* Info.plist */,
			);
			name = Others;
			sourceTree = "<group>";
		};
/* End PBXGroup section */

/* Begin PBXNativeTarget section */
		96CEFAA320B23A3300215259 /* Thread_It */ = {
			isa = PBXNativeTarget;
			buildConfigurationList = 96CEFAB620B23A3E00215259 /* Build configuration list for PBXNativeTarget "Thread_It" */;
			buildPhases = (
				96CEFAA020B23A3300215259 /* Sources */,
				96CEFAA120B23A3300215259 /* Frameworks */,
				96CEFAA220B23A3300215259 /* Resources */,
			);
			buildRules = (
			);
			dependencies = (
			);
			name = Thread_It;
			productName = Thread_It;
			productReference = 96CEFAA420B23A3300215259 /* Thread_It.app */;
			productType = "com.apple.product-type.application";
		};
/* End PBXNativeTarget section */

/* Begin PBXProject section */
		96CEFA9C20B23A3300215259 /* Project object */ = {
			isa = PBXProject;
			attributes = {
				LastSwiftUpdateCheck = 0930;
				LastUpgradeCheck = 0930;
				ORGANIZATIONNAME = TimeTraveler;
				TargetAttributes = {
					96CEFAA320B23A3300215259 = {
						CreatedOnToolsVersion = 9.3;
					};
				};
			};
			buildConfigurationList = 96CEFA9F20B23A3300215259 /* Build configuration list for PBXProject "Thread_It" */;
			compatibilityVersion = "Xcode 9.3";
			developmentRegion = en;
			hasScannedForEncodings = 0;
			knownRegions = (
				en,
				Base,
			);
			mainGroup = 96CEFA9B20B23A3300215259;
			productRefGroup = 96CEFAA520B23A3300215259 /* Products */;
			projectDirPath = "";
			projectRoot = "";
			targets = (
				96CEFAA320B23A3300215259 /* Thread_It */,
			);
		};
/* End PBXProject section */

/* Begin PBXResourcesBuildPhase section */
		96CEFAA220B23A3300215259 /* Resources */ = {
			isa = PBXResourcesBuildPhase;
			buildActionMask = 2147483647;
			files = (
				96CEFAB220B23A3E00215259 /* LaunchScreen.storyboard in Resources */,
				96CEFAAF20B23A3E00215259 /* Assets.xcassets in Resources */,
				96CEFAAD20B23A3300215259 /* Main.storyboard in Resources */,
			);
			runOnlyForDeploymentPostprocessing = 0;
		};
/* End PBXResourcesBuildPhase section */

/* Begin PBXSourcesBuildPhase section */
		96CEFAA020B23A3300215259 /* Sources */ = {
			isa = PBXSourcesBuildPhase;
			buildActionMask = 2147483647;
			files = (
				96CEFAAA20B23A3300215259 /* ViewController.swift in Sources */,
				96990BD720B23E120019B90F /* SimpleSlave.swift in Sources */,
				96CEFAA820B23A3300215259 /* AppDelegate.swift in Sources */,
			);
			runOnlyForDeploymentPostprocessing = 0;
		};
/* End PBXSourcesBuildPhase section */

/* Begin PBXVariantGroup section */
		96CEFAAB20B23A3300215259 /* Main.storyboard */ = {
			isa = PBXVariantGroup;
			children = (
				96CEFAAC20B23A3300215259 /* Base */,
			);
			name = Main.storyboard;
			sourceTree = "<group>";
		};
		96CEFAB020B23A3E00215259 /* LaunchScreen.storyboard */ = {
			isa = PBXVariantGroup;
			children = (
				96CEFAB120B23A3E00215259 /* Base */,
			);
			name = LaunchScreen.storyboard;
			sourceTree = "<group>";
		};
/* End PBXVariantGroup section */

/* Begin XCBuildConfiguration section */
		96CEFAB420B23A3E00215259 /* Debug */ = {
			isa = XCBuildConfiguration;
			buildSettings = {
				ALWAYS_SEARCH_USER_PATHS = NO;
				CLANG_ANALYZER_NONNULL = YES;
				CLANG_ANALYZER_NUMBER_OBJECT_CONVERSION = YES_AGGRESSIVE;
				CLANG_CXX_LANGUAGE_STANDARD = "gnu++14";
				CLANG_CXX_LIBRARY = "libc++";
				CLANG_ENABLE_MODULES = YES;
				CLANG_ENABLE_OBJC_ARC = YES;
				CLANG_ENABLE_OBJC_WEAK = YES;
				CLANG_WARN_BLOCK_CAPTURE_AUTORELEASING = YES;
				CLANG_WARN_BOOL_CONVERSION = YES;
				CLANG_WARN_COMMA = YES;
				CLANG_WARN_CONSTANT_CONVERSION = YES;
				CLANG_WARN_DEPRECATED_OBJC_IMPLEMENTATIONS = YES;
				CLANG_WARN_DIRECT_OBJC_ISA_USAGE = YES_ERROR;
				CLANG_WARN_DOCUMENTATION_COMMENTS = YES;
				CLANG_WARN_EMPTY_BODY = YES;
				CLANG_WARN_ENUM_CONVERSION = YES;
				CLANG_WARN_INFINITE_RECURSION = YES;
				CLANG_WARN_INT_CONVERSION = YES;
				CLANG_WARN_NON_LITERAL_NULL_CONVERSION = YES;
				CLANG_WARN_OBJC_IMPLICIT_RETAIN_SELF = YES;
				CLANG_WARN_OBJC_LITERAL_CONVERSION = YES;
				CLANG_WARN_OBJC_ROOT_CLASS = YES_ERROR;
				CLANG_WARN_RANGE_LOOP_ANALYSIS = YES;
				CLANG_WARN_STRICT_PROTOTYPES = YES;
				CLANG_WARN_SUSPICIOUS_MOVE = YES;
				CLANG_WARN_UNGUARDED_AVAILABILITY = YES_AGGRESSIVE;
				CLANG_WARN_UNREACHABLE_CODE = YES;
				CLANG_WARN__DUPLICATE_METHOD_MATCH = YES;
				CODE_SIGN_IDENTITY = "iPhone Developer";
				COPY_PHASE_STRIP = NO;
				DEBUG_INFORMATION_FORMAT = dwarf;
				ENABLE_STRICT_OBJC_MSGSEND = YES;
				ENABLE_TESTABILITY = YES;
				GCC_C_LANGUAGE_STANDARD = gnu11;
				GCC_DYNAMIC_NO_PIC = NO;
				GCC_NO_COMMON_BLOCKS = YES;
				GCC_OPTIMIZATION_LEVEL = 0;
				GCC_PREPROCESSOR_DEFINITIONS = (
					"DEBUG=1",
					"$(inherited)",
				);
				GCC_WARN_64_TO_32_BIT_CONVERSION = YES;
				GCC_WARN_ABOUT_RETURN_TYPE = YES_ERROR;
				GCC_WARN_UNDECLARED_SELECTOR = YES;
				GCC_WARN_UNINITIALIZED_AUTOS = YES_AGGRESSIVE;
				GCC_WARN_UNUSED_FUNCTION = YES;
				GCC_WARN_UNUSED_VARIABLE = YES;
				IPHONEOS_DEPLOYMENT_TARGET = 11.3;
				MTL_ENABLE_DEBUG_INFO = YES;
				ONLY_ACTIVE_ARCH = YES;
				SDKROOT = iphoneos;
				SWIFT_ACTIVE_COMPILATION_CONDITIONS = DEBUG;
				SWIFT_OPTIMIZATION_LEVEL = "-Onone";
			};
			name = Debug;
		};
		96CEFAB520B23A3E00215259 /* Release */ = {
			isa = XCBuildConfiguration;
			buildSettings = {
				ALWAYS_SEARCH_USER_PATHS = NO;
				CLANG_ANALYZER_NONNULL = YES;
				CLANG_ANALYZER_NUMBER_OBJECT_CONVERSION = YES_AGGRESSIVE;
				CLANG_CXX_LANGUAGE_STANDARD = "gnu++14";
				CLANG_CXX_LIBRARY = "libc++";
				CLANG_ENABLE_MODULES = YES;
				CLANG_ENABLE_OBJC_ARC = YES;
				CLANG_ENABLE_OBJC_WEAK = YES;
				CLANG_WARN_BLOCK_CAPTURE_AUTORELEASING = YES;
				CLANG_WARN_BOOL_CONVERSION = YES;
				CLANG_WARN_COMMA = YES;
				CLANG_WARN_CONSTANT_CONVERSION = YES;
				CLANG_WARN_DEPRECATED_OBJC_IMPLEMENTATIONS = YES;
				CLANG_WARN_DIRECT_OBJC_ISA_USAGE = YES_ERROR;
				CLANG_WARN_DOCUMENTATION_COMMENTS = YES;
				CLANG_WARN_EMPTY_BODY = YES;
				CLANG_WARN_ENUM_CONVERSION = YES;
				CLANG_WARN_INFINITE_RECURSION = YES;
				CLANG_WARN_INT_CONVERSION = YES;
				CLANG_WARN_NON_LITERAL_NULL_CONVERSION = YES;
				CLANG_WARN_OBJC_IMPLICIT_RETAIN_SELF = YES;
				CLANG_WARN_OBJC_LITERAL_CONVERSION = YES;
				CLANG_WARN_OBJC_ROOT_CLASS = YES_ERROR;
				CLANG_WARN_RANGE_LOOP_ANALYSIS = YES;
				CLANG_WARN_STRICT_PROTOTYPES = YES;
				CLANG_WARN_SUSPICIOUS_MOVE = YES;
				CLANG_WARN_UNGUARDED_AVAILABILITY = YES_AGGRESSIVE;
				CLANG_WARN_UNREACHABLE_CODE = YES;
				CLANG_WARN__DUPLICATE_METHOD_MATCH = YES;
				CODE_SIGN_IDENTITY = "iPhone Developer";
				COPY_PHASE_STRIP = NO;
				DEBUG_INFORMATION_FORMAT = "dwarf-with-dsym";
				ENABLE_NS_ASSERTIONS = NO;
				ENABLE_STRICT_OBJC_MSGSEND = YES;
				GCC_C_LANGUAGE_STANDARD = gnu11;
				GCC_NO_COMMON_BLOCKS = YES;
				GCC_WARN_64_TO_32_BIT_CONVERSION = YES;
				GCC_WARN_ABOUT_RETURN_TYPE = YES_ERROR;
				GCC_WARN_UNDECLARED_SELECTOR = YES;
				GCC_WARN_UNINITIALIZED_AUTOS = YES_AGGRESSIVE;
				GCC_WARN_UNUSED_FUNCTION = YES;
				GCC_WARN_UNUSED_VARIABLE = YES;
				IPHONEOS_DEPLOYMENT_TARGET = 11.3;
				MTL_ENABLE_DEBUG_INFO = NO;
				SDKROOT = iphoneos;
				SWIFT_COMPILATION_MODE = wholemodule;
				SWIFT_OPTIMIZATION_LEVEL = "-O";
				VALIDATE_PRODUCT = YES;
			};
			name = Release;
		};
		96CEFAB720B23A3E00215259 /* Debug */ = {
			isa = XCBuildConfiguration;
			buildSettings = {
				ASSETCATALOG_COMPILER_APPICON_NAME = AppIcon;
				CODE_SIGN_STYLE = Automatic;
				DEVELOPMENT_TEAM = M8H866B8UG;
				INFOPLIST_FILE = Thread_It/Info.plist;
				LD_RUNPATH_SEARCH_PATHS = (
					"$(inherited)",
					"@executable_path/Frameworks",
				);
				PRODUCT_BUNDLE_IDENTIFIER = "EventHorizon.Thread-It";
				PRODUCT_NAME = "$(TARGET_NAME)";
				SWIFT_VERSION = 4.0;
				TARGETED_DEVICE_FAMILY = "1,2";
			};
			name = Debug;
		};
		96CEFAB820B23A3E00215259 /* Release */ = {
			isa = XCBuildConfiguration;
			buildSettings = {
				ASSETCATALOG_COMPILER_APPICON_NAME = AppIcon;
				CODE_SIGN_STYLE = Automatic;
				DEVELOPMENT_TEAM = M8H866B8UG;
				INFOPLIST_FILE = Thread_It/Info.plist;
				LD_RUNPATH_SEARCH_PATHS = (
					"$(inherited)",
					"@executable_path/Frameworks",
				);
				PRODUCT_BUNDLE_IDENTIFIER = "EventHorizon.Thread-It";
				PRODUCT_NAME = "$(TARGET_NAME)";
				SWIFT_VERSION = 4.0;
				TARGETED_DEVICE_FAMILY = "1,2";
			};
			name = Release;
		};
/* End XCBuildConfiguration section */

/* Begin XCConfigurationList section */
		96CEFA9F20B23A3300215259 /* Build configuration list for PBXProject "Thread_It" */ = {
			isa = XCConfigurationList;
			buildConfigurations = (
				96CEFAB420B23A3E00215259 /* Debug */,
				96CEFAB520B23A3E00215259 /* Release */,
			);
			defaultConfigurationIsVisible = 0;
			defaultConfigurationName = Release;
		};
		96CEFAB620B23A3E00215259 /* Build configuration list for PBXNativeTarget "Thread_It" */ = {
			isa = XCConfigurationList;
			buildConfigurations = (
				96CEFAB720B23A3E00215259 /* Debug */,
				96CEFAB820B23A3E00215259 /* Release */,
			);
			defaultConfigurationIsVisible = 0;
			defaultConfigurationName = Release;
		};
/* End XCConfigurationList section */
	};
	rootObject = 96CEFA9C20B23A3300215259 /* Project object */;
}
